
Microsoft Visual Studio Solution File, Format Version 12.00
# Visual Studio Version 17
VisualStudioVersion = 17.4.33122.133
MinimumVisualStudioVersion = 10.0.40219.1
Project("{FAE04EC0-301F-11D3-BF4B-00C04F79EFBC}") = "FirmaKomputerowa", "FirmaKomputerowa\FirmaKomputerowa.csproj", "{BD54427C-B12E-4A6A-881E-029BF8048BEF}"
EndProject
Global
	GlobalSection(SolutionConfigurationPlatforms) = preSolution
		Debug|Any CPU = Debug|Any CPU
		Release|Any CPU = Release|Any CPU
	EndGlobalSection
	GlobalSection(ProjectConfigurationPlatforms) = postSolution
		{BD54427C-B12E-4A6A-881E-029BF8048BEF}.Debug|Any CPU.ActiveCfg = Debug|Any CPU
		{BD54427C-B12E-4A6A-881E-029BF8048BEF}.Debug|Any CPU.Build.0 = Debug|Any CPU
		{BD54427C-B12E-4A6A-881E-029BF8048BEF}.Release|Any CPU.ActiveCfg = Release|Any CPU
		{BD54427C-B12E-4A6A-881E-029BF8048BEF}.Release|Any CPU.Build.0 = Release|Any CPU
	EndGlobalSection
	GlobalSection(SolutionProperties) = preSolution
		HideSolutionNode = FALSE
	EndGlobalSection
	GlobalSection(ExtensibilityGlobals) = postSolution
		SolutionGuid = {9C504A90-D5DF-440D-B710-30F198512242}
	EndGlobalSection
EndGlobal
